
Microsoft Visual Studio Solution File, Format Version 12.00
# Visual Studio Version 17
VisualStudioVersion = 17.4.33110.190
MinimumVisualStudioVersion = 10.0.40219.1
Project("{FAE04EC0-301F-11D3-BF4B-00C04F79EFBC}") = "Dall-E_Implementation", "Dall-E_Implementation\Dall-E_Implementation.csproj", "{0517DEA5-5719-47BC-842E-6046F71B828A}"
EndProject
Global
	GlobalSection(SolutionConfigurationPlatforms) = preSolution
		Debug|Any CPU = Debug|Any CPU
		Release|Any CPU = Release|Any CPU
	EndGlobalSection
	GlobalSection(ProjectConfigurationPlatforms) = postSolution
		{0517DEA5-5719-47BC-842E-6046F71B828A}.Debug|Any CPU.ActiveCfg = Debug|Any CPU
		{0517DEA5-5719-47BC-842E-6046F71B828A}.Debug|Any CPU.Build.0 = Debug|Any CPU
		{0517DEA5-5719-47BC-842E-6046F71B828A}.Release|Any CPU.ActiveCfg = Release|Any CPU
		{0517DEA5-5719-47BC-842E-6046F71B828A}.Release|Any CPU.Build.0 = Release|Any CPU
	EndGlobalSection
	GlobalSection(SolutionProperties) = preSolution
		HideSolutionNode = FALSE
	EndGlobalSection
	GlobalSection(ExtensibilityGlobals) = postSolution
		SolutionGuid = {8B3C2E05-37AD-4995-BAEB-27B7EDB02D00}
	EndGlobalSection
EndGlobal
